version: 1
checksums:
  68b1b8ed5acfeec53f651eef897d42ac:
    general/command/in_game: 73eee5b8994e1701882a51e834af71d9
    general/command/no_permission: 2e574261ff0baa332a9210076a1022d8
    general/world/not_exist: 897977970aae19a55deb91202e0e1cb2
    general/world/not_loaded: 41393aa81a104f2f914b099b78fc5a9d
    general/permission: 6a1c6999956347214467ce83ea860c50
    general/config/save_error: 4f4099451158f3357d9b0c8be8cfac7f
    general/config/item_ids_updated: 13edbee0e086492439b62ee751f7307e
    list/worlds: 0e67bc0f18720c080d52ee1c99f27d75
    create/success: 40b6ee490e6b576e32018f6d68b96d9c
    create/failed: e477d3782b61c1d4c7352111645e8705
    create/generator/not_exist: 9c6be2017f47c8ab8011075ad220806e
    remove/success: c906f4db2df215a72f37d047cbd96d91
    remove/error: 8f3ad63b48f1036292356df848aa16e4
    copy/success: 04a9d05b58dbe81e7057cd410f9b7083
    copy/error_code/same_source_target: b1cf50b24bd64b586196559eda36d811
    copy/error_code/source_not_exist: 56ce5f62ab435bd159e733b595b95e86
    copy/error_code/target_exist: 1534abb2ef48ecd9dba2a8251cc67dcb
    copy/error_code/copy_failed: 5705d9703eabf304c8203d54a38f7e74
    rename/success: a1505d06a28b1937e26faf65b18659c2
    rename/error_code/same_source_target: 84d1e5c571919bd6c567ba26ba203800
    rename/error_code/delete_failed: 56d22b01e1d93d75919a80caeae1b6bc
    load/success: 9feb8631664f21b00b37b4a2ad5b035e
    load/already: 484de442245fb6c3fabea15ca862123f
    load/failed: f910c53667cd3eeea43f8fc216b5c426
    load/error: 89d8157fcdf0676c7eb09d5759ec29f0
    unload/success: 5196d36d6f29340e6dacbe69937d3f80
    unload/default: 0f459cbe792e982ed8f5ed9c924d7d31
    unload/failed: 6c871ce9baa1c17c9f7480f9780dfb15
    teleport/success: c996f64411fe148df1c38d4cc1fe2ab9
    teleport/success_other: eebb47f6063550e76bbeba94994fbdf2
    teleport/error_code/no_player: 47f859af5ed42d9dde6f24c36160c237
    teleport/error_code/teleport_failed: a4f7e025860a43b06e039488e42536ec
    set/success: f1c179a5c488fba10a6f0fb8a584b5d5
    set/list/info: 0c35f84542d455d104f278b040cbc428
    set/list/not_set: d8b93ba1a709d0e5c5094d71478d0836
    set/permission/not_default: 7a47c884df50dd36dca86c22935bf104
    set/gamemode/not_exist: 1fe5d29963480a4724130aad00d551ce
    set/not_bool: 3244522734354fc628fba26348b353c4
    set/not_controllist: 4135f688686069af52e14d1c0894d274
    controllist/add/success: 47152e4d9ae8b8e1c69ae4fc4bf83d10
    controllist/add/error_code/invalid_item: cb2544e62738ccc45d7387ad82487cac
    controllist/remove/success: e713f0ae081aee9f5ed02e844db393af
    controllist/reset/success: ec74b2a4852993bc9aa3f052a4e78bf2
    controllist/list/description: cc650ea330a9bae77fdb2b1d379b3480
    unset/success: d92ada41ef32ac81a4a0d5c7c9acaa95
    defaults/list/info: 3434d6810050c3474dacd05c518f2e18
    defaults/set/success: b4cc2bb14b818a7152d850ad311d9bbd
    defaults/unset/success: 333fee8db59f5eb5140971ad838b79e5
    forms/world/title: f3996c9efd3e41b122e1e77b92e7885e
    forms/world/params/permission: 93ec66a311fa232949e1df3e3aead089
    forms/world/params/gamemode: da32400e33939cffb0bb00b45d793782
    forms/world/params/build: 7c2ed5c7167c1adac00a8f8e6b5b0303
    forms/world/params/pvp: ce3c0b4846560d681bb7d6cd721200ca
    forms/world/params/damage: f83920a705e89d81242d2d19ef6f57e1
    forms/world/params/interact: 70600eff66f94b9c3b7cb7fcbf2b4be3
    forms/world/params/explode: 5e68861bf775c64da8481ca1bea1d16a
    forms/world/params/drop: 81f2a25eaa41f4b135d023d5c9f1bc27
    forms/world/params/hunger: bff7fe95ce973141256ad8e50118637e
    forms/world/params/fly: e2bf49fd0d490ffb65c87d3b4ed7b1af
    forms/world/params/daylightcycle: 9b77b82308c4835b03249632327554b3
    forms/world/params/leavesdecay: 5e8701ef4e90bc6e0142e9ed0287615b
    forms/world/params/potion: ea7bb67cf6bb028ad39aaf3fe94d9bbe
    forms/world/params/command: 5ffc20c015579fe5bc54c7e36650127b
    forms/world/options/not_set: 14f0a0fc37bc1698bd0ab45cbe1ac519
    forms/world/options/true: bc6ccc9514bb68749a6818239f8d1fb6
    forms/world/options/false: 8e9f3561139930e3a24e5b23024f65c4
    forms/world/options/white: d2d6f3d78a90a6cbb9090b2c7335a40c
    forms/world/options/black: fe38eec0e070f4601a54b4594e2b6bee
    forms/default/title: 27a0a07a1182933f941d29f22f73c974
    forms/saved: 2bcd6536a7640cb655d0ab8c17639500
    forms/error_code/invalid_data: 5aee7f6a2ef88c8868f28840981dc92f
